%{
  "circular_buffer": {:hex, :circular_buffer, "0.4.0", "a51ea76bb03c4a38207934264bcc600018ead966728ca80da731458c5f940f8b", [:mix], [], "hexpm", "c604b19f2101982b63264e2ed90c6fb0fe502540b6af83ce95135ac9b6f2d847"},
  "telemetry": {:hex, :telemetry, "0.4.3", "a06428a514bdbc63293cd9a6263aad00ddeb66f608163bdec7c8995784080818", [:rebar3], [], "hexpm", "eb72b8365ffda5bed68a620d1da88525e326cb82a75ee61354fc24b844768041"},
  "telemetry_metrics": {:hex, :telemetry_metrics, "0.6.0", "da9d49ee7e6bb1c259d36ce6539cd45ae14d81247a2b0c90edf55e2b50507f7b", [:mix], [{:telemetry, "~> 0.4", [hex: :telemetry, repo: "hexpm", optional: false]}], "hexpm", "5cfe67ad464b243835512aa44321cee91faed6ea868d7fb761d7016e02915c3d"},
}
